
Microsoft Visual Studio Solution File, Format Version 12.00
# Visual Studio 15
VisualStudioVersion = 15.0.28307.572
MinimumVisualStudioVersion = 10.0.40219.1
Project("{FAE04EC0-301F-11D3-BF4B-00C04F79EFBC}") = "Polygons", "Polygons\Polygons.csproj", "{DC5F7065-AE28-4A81-8514-7A8A4AD2971C}"
EndProject
Global
	GlobalSection(SolutionConfigurationPlatforms) = preSolution
		Debug|Any CPU = Debug|Any CPU
		Release|Any CPU = Release|Any CPU
	EndGlobalSection
	GlobalSection(ProjectConfigurationPlatforms) = postSolution
		{DC5F7065-AE28-4A81-8514-7A8A4AD2971C}.Debug|Any CPU.ActiveCfg = Debug|Any CPU
		{DC5F7065-AE28-4A81-8514-7A8A4AD2971C}.Debug|Any CPU.Build.0 = Debug|Any CPU
		{DC5F7065-AE28-4A81-8514-7A8A4AD2971C}.Release|Any CPU.ActiveCfg = Release|Any CPU
		{DC5F7065-AE28-4A81-8514-7A8A4AD2971C}.Release|Any CPU.Build.0 = Release|Any CPU
	EndGlobalSection
	GlobalSection(SolutionProperties) = preSolution
		HideSolutionNode = FALSE
	EndGlobalSection
	GlobalSection(ExtensibilityGlobals) = postSolution
		SolutionGuid = {F2C6F91D-2CE3-4AE3-82ED-FF8EC97A008B}
	EndGlobalSection
EndGlobal
